{
  "nodes": {
    "flake-parts": {
      "inputs": {
        "nixpkgs-lib": [
          "nixvim",
          "nixpkgs"
        ]
      },
      "locked": {
        "lastModified": 1765835352,
        "narHash": "sha256-XswHlK/Qtjasvhd1nOa1e8MgZ8GS//jBoTqWtrS1Giw=",
        "owner": "hercules-ci",
        "repo": "flake-parts",
        "rev": "a34fae9c08a15ad73f295041fec82323541400a9",
        "type": "github"
      },
      "original": {
        "owner": "hercules-ci",
        "repo": "flake-parts",
        "type": "github"
      }
    },
    "home-manager": {
      "inputs": {
        "nixpkgs": [
          "nixpkgs"
        ]
      },
      "locked": {
        "lastModified": 1767702900,
        "narHash": "sha256-xMzHmNytl7JgFRov2jHf2GYsLVp/sAfYO0JvbZt0uDo=",
        "owner": "nix-community",
        "repo": "home-manager",
        "rev": "38e187fd2f9efac197e03be0c25f3ee215974144",
        "type": "github"
      },
      "original": {
        "owner": "nix-community",
        "repo": "home-manager",
        "type": "github"
      }
    },
    "nixpkgs": {
      "locked": {
        "lastModified": 1767640445,
        "narHash": "sha256-UWYqmD7JFBEDBHWYcqE6s6c77pWdcU/i+bwD6XxMb8A=",
        "owner": "nixos",
        "repo": "nixpkgs",
        "rev": "9f0c42f8bc7151b8e7e5840fb3bd454ad850d8c5",
        "type": "github"
      },
      "original": {
        "owner": "nixos",
        "ref": "nixos-unstable",
        "repo": "nixpkgs",
        "type": "github"
      }
    },
    "nixpkgs-vesktop": {
      "locked": {
        "lastModified": 1767388185,
        "narHash": "sha256-bmDUBlqgpIAXQ0QFn1fWpurlc+j2sI+B5941PWsic3M=",
        "owner": "nixos",
        "repo": "nixpkgs",
        "rev": "2e21f6c5797fcccfc1e8eced873aea8401a71135",
        "type": "github"
      },
      "original": {
        "owner": "nixos",
        "ref": "pull/476347/head",
        "repo": "nixpkgs",
        "type": "github"
      }
    },
    "nixvim": {
      "inputs": {
        "flake-parts": "flake-parts",
        "nixpkgs": [
          "nixpkgs"
        ],
        "systems": "systems"
      },
      "locked": {
        "lastModified": 1767608728,
        "narHash": "sha256-kmSJCTgrx+BxgqQOTPHAOkohvO+lbRsPWqu+PSPcz3I=",
        "owner": "nix-community",
        "repo": "nixvim",
        "rev": "851399eebd0fb383d2fd76269d859f16021dc7a8",
        "type": "github"
      },
      "original": {
        "owner": "nix-community",
        "repo": "nixvim",
        "type": "github"
      }
    },
    "root": {
      "inputs": {
        "home-manager": "home-manager",
        "nixpkgs": "nixpkgs",
        "nixpkgs-vesktop": "nixpkgs-vesktop",
        "nixvim": "nixvim",
        "sops-nix": "sops-nix"
      }
    },
    "sops-nix": {
      "inputs": {
        "nixpkgs": [
          "nixpkgs"
        ]
      },
      "locked": {
        "lastModified": 1767499857,
        "narHash": "sha256-0zUU/PW09d6oBaR8x8vMHcAhg1MOvo3CwoXgHijzzNE=",
        "owner": "Mic92",
        "repo": "sops-nix",
        "rev": "ecc41505948ec2ab0325f14c9862a4329c2b4190",
        "type": "github"
      },
      "original": {
        "owner": "Mic92",
        "repo": "sops-nix",
        "type": "github"
      }
    },
    "systems": {
      "locked": {
        "lastModified": 1681028828,
        "narHash": "sha256-Vy1rq5AaRuLzOxct8nz4T6wlgyUR7zLU309k9mBC768=",
        "owner": "nix-systems",
        "repo": "default",
        "rev": "da67096a3b9bf56a91d16901293e51ba5b49a27e",
        "type": "github"
      },
      "original": {
        "owner": "nix-systems",
        "repo": "default",
        "type": "github"
      }
    }
  },
  "root": "root",
  "version": 7
}
